# @generated by Move, please check-in and do not edit manually.

[move]
version = 3
manifest_digest = "1DEFBE3D9C2E41F68DDDE6B61CBC217CD1C79FA6AECC77B0170C63AF6039D2F2"
deps_digest = "F8BBB0CCB2491CA29A3DF03D6F92277A4F3574266507ACD77214D37ECA3F3082"
dependencies = [
  { id = "Sui", name = "Sui" },
]

[[move.package]]
id = "MoveStdlib"
source = { git = "https://github.com/MystenLabs/sui.git", rev = "framework/mainnet", subdir = "crates/sui-framework/packages/move-stdlib" }

[[move.package]]
id = "Sui"
source = { git = "https://github.com/MystenLabs/sui.git", rev = "framework/mainnet", subdir = "crates/sui-framework/packages/sui-framework" }

dependencies = [
  { id = "MoveStdlib", name = "MoveStdlib" },
]

[move.toolchain-version]
compiler-version = "1.57.2"
edition = "2024"
flavor = "sui"

[env]

[env.testnet]
chain-id = "4c78adac"
original-published-id = "0xe17b6a97b54a5248e8a6f85abd67eada613e618c437de3db763d0718e8fd5dd2"
latest-published-id = "0xe17b6a97b54a5248e8a6f85abd67eada613e618c437de3db763d0718e8fd5dd2"
published-version = "1"
